
Microsoft Visual Studio Solution File, Format Version 12.00
# Visual Studio 15
VisualStudioVersion = 15.0.26730.16
MinimumVisualStudioVersion = 10.0.40219.1
Project("{FAE04EC0-301F-11D3-BF4B-00C04F79EFBC}") = "OnIt", "OnIt\OnIt.csproj", "{81ADF5EF-7D22-4CF0-855F-AC7F8D60FADC}"
EndProject
Project("{FAE04EC0-301F-11D3-BF4B-00C04F79EFBC}") = "OnIt.Model", "OnIt.Model\OnIt.Model.csproj", "{6349E97D-4DD6-4D6E-B5B2-94A11B774191}"
EndProject
Project("{FAE04EC0-301F-11D3-BF4B-00C04F79EFBC}") = "OnIt.BusinessLogic", "OnIt.BusinessLogic\OnIt.BusinessLogic.csproj", "{EFC836FF-0380-4457-ADCA-FA7D8DF6E4A7}"
EndProject
Project("{FAE04EC0-301F-11D3-BF4B-00C04F79EFBC}") = "OnIt.Helper", "OnIt.Helper\OnIt.Helper.csproj", "{1D112151-80E8-49DF-9BBE-577B691B6AE3}"
EndProject
Global
	GlobalSection(SolutionConfigurationPlatforms) = preSolution
		Debug|Any CPU = Debug|Any CPU
		Release|Any CPU = Release|Any CPU
	EndGlobalSection
	GlobalSection(ProjectConfigurationPlatforms) = postSolution
		{81ADF5EF-7D22-4CF0-855F-AC7F8D60FADC}.Debug|Any CPU.ActiveCfg = Debug|Any CPU
		{81ADF5EF-7D22-4CF0-855F-AC7F8D60FADC}.Debug|Any CPU.Build.0 = Debug|Any CPU
		{81ADF5EF-7D22-4CF0-855F-AC7F8D60FADC}.Release|Any CPU.ActiveCfg = Release|Any CPU
		{81ADF5EF-7D22-4CF0-855F-AC7F8D60FADC}.Release|Any CPU.Build.0 = Release|Any CPU
		{6349E97D-4DD6-4D6E-B5B2-94A11B774191}.Debug|Any CPU.ActiveCfg = Debug|Any CPU
		{6349E97D-4DD6-4D6E-B5B2-94A11B774191}.Debug|Any CPU.Build.0 = Debug|Any CPU
		{6349E97D-4DD6-4D6E-B5B2-94A11B774191}.Release|Any CPU.ActiveCfg = Release|Any CPU
		{6349E97D-4DD6-4D6E-B5B2-94A11B774191}.Release|Any CPU.Build.0 = Release|Any CPU
		{EFC836FF-0380-4457-ADCA-FA7D8DF6E4A7}.Debug|Any CPU.ActiveCfg = Debug|Any CPU
		{EFC836FF-0380-4457-ADCA-FA7D8DF6E4A7}.Debug|Any CPU.Build.0 = Debug|Any CPU
		{EFC836FF-0380-4457-ADCA-FA7D8DF6E4A7}.Release|Any CPU.ActiveCfg = Release|Any CPU
		{EFC836FF-0380-4457-ADCA-FA7D8DF6E4A7}.Release|Any CPU.Build.0 = Release|Any CPU
		{1D112151-80E8-49DF-9BBE-577B691B6AE3}.Debug|Any CPU.ActiveCfg = Debug|Any CPU
		{1D112151-80E8-49DF-9BBE-577B691B6AE3}.Debug|Any CPU.Build.0 = Debug|Any CPU
		{1D112151-80E8-49DF-9BBE-577B691B6AE3}.Release|Any CPU.ActiveCfg = Release|Any CPU
		{1D112151-80E8-49DF-9BBE-577B691B6AE3}.Release|Any CPU.Build.0 = Release|Any CPU
	EndGlobalSection
	GlobalSection(SolutionProperties) = preSolution
		HideSolutionNode = FALSE
	EndGlobalSection
	GlobalSection(ExtensibilityGlobals) = postSolution
		SolutionGuid = {9ED09A48-FB93-4E3C-9FCF-BA922662C885}
	EndGlobalSection
EndGlobal
